Microsoft Visual Studio Solution File, Format Version 12.00
# Visual Studio Version 18
VisualStudioVersion = 18.4.11612.150 stable
MinimumVisualStudioVersion = 10.0.40219.1
Project("{9A19103F-16F7-4668-BE54-9A1E7A4F7556}") = "Samhammer.KubernetesJob", "Samhammer.KubernetesJob\Samhammer.KubernetesJob.csproj", "{939370C0-77CD-426F-8C70-05D78F9C4C1E}"
EndProject
Project("{FAE04EC0-301F-11D3-BF4B-00C04F79EFBC}") = "Samhammer.KubernetesJob.Test", "Samhammer.KubernetesJob.Test\Samhammer.KubernetesJob.Test.csproj", "{947EBD71-6D42-4489-9A83-8722E45F1A4F}"
EndProject
Global
	GlobalSection(SolutionConfigurationPlatforms) = preSolution
		Debug|Any CPU = Debug|Any CPU
		Release|Any CPU = Release|Any CPU
	EndGlobalSection
	GlobalSection(ProjectConfigurationPlatforms) = postSolution
		{939370C0-77CD-426F-8C70-05D78F9C4C1E}.Debug|Any CPU.ActiveCfg = Debug|Any CPU
		{939370C0-77CD-426F-8C70-05D78F9C4C1E}.Debug|Any CPU.Build.0 = Debug|Any CPU
		{939370C0-77CD-426F-8C70-05D78F9C4C1E}.Release|Any CPU.ActiveCfg = Release|Any CPU
		{939370C0-77CD-426F-8C70-05D78F9C4C1E}.Release|Any CPU.Build.0 = Release|Any CPU
		{947EBD71-6D42-4489-9A83-8722E45F1A4F}.Debug|Any CPU.ActiveCfg = Debug|Any CPU
		{947EBD71-6D42-4489-9A83-8722E45F1A4F}.Debug|Any CPU.Build.0 = Debug|Any CPU
		{947EBD71-6D42-4489-9A83-8722E45F1A4F}.Release|Any CPU.ActiveCfg = Release|Any CPU
		{947EBD71-6D42-4489-9A83-8722E45F1A4F}.Release|Any CPU.Build.0 = Release|Any CPU
	EndGlobalSection
	GlobalSection(SolutionProperties) = preSolution
		HideSolutionNode = FALSE
	EndGlobalSection
	GlobalSection(ExtensibilityGlobals) = postSolution
		SolutionGuid = {D802E1EB-5043-418D-8F96-BBC0334F07D2}
	EndGlobalSection
EndGlobal
